
Microsoft Visual Studio Solution File, Format Version 12.00
# Visual Studio 15
VisualStudioVersion = 15.0.28307.705
MinimumVisualStudioVersion = 10.0.40219.1
Project("{8BC9CEB8-8B4A-11D0-8D11-00A0C91BC942}") = "q1", "q1\q1.vcxproj", "{0C9F563D-A044-4CE8-98ED-734477C4D22C}"
EndProject
Project("{8BC9CEB8-8B4A-11D0-8D11-00A0C91BC942}") = "q2", "q2\q2.vcxproj", "{C4B5485C-2E5F-4A9D-8969-C8E76DDCC66B}"
EndProject
Project("{8BC9CEB8-8B4A-11D0-8D11-00A0C91BC942}") = "q3", "q3\q3.vcxproj", "{02619729-9043-45F6-B74F-DEFED7990858}"
EndProject
Project("{8BC9CEB8-8B4A-11D0-8D11-00A0C91BC942}") = "q4", "q4\q4.vcxproj", "{7FC04999-B7C3-4135-8C3F-C82DF72C535B}"
EndProject
Project("{8BC9CEB8-8B4A-11D0-8D11-00A0C91BC942}") = "q5", "q5\q5.vcxproj", "{E1F30179-02B0-4878-83B7-BF3C12F735DE}"
EndProject
Global
	GlobalSection(SolutionConfigurationPlatforms) = preSolution
		Debug|x64 = Debug|x64
		Debug|x86 = Debug|x86
		Release|x64 = Release|x64
		Release|x86 = Release|x86
	EndGlobalSection
	GlobalSection(ProjectConfigurationPlatforms) = postSolution
		{0C9F563D-A044-4CE8-98ED-734477C4D22C}.Debug|x64.ActiveCfg = Debug|x64
		{0C9F563D-A044-4CE8-98ED-734477C4D22C}.Debug|x64.Build.0 = Debug|x64
		{0C9F563D-A044-4CE8-98ED-734477C4D22C}.Debug|x86.ActiveCfg = Debug|Win32
		{0C9F563D-A044-4CE8-98ED-734477C4D22C}.Debug|x86.Build.0 = Debug|Win32
		{0C9F563D-A044-4CE8-98ED-734477C4D22C}.Release|x64.ActiveCfg = Release|x64
		{0C9F563D-A044-4CE8-98ED-734477C4D22C}.Release|x64.Build.0 = Release|x64
		{0C9F563D-A044-4CE8-98ED-734477C4D22C}.Release|x86.ActiveCfg = Release|Win32
		{0C9F563D-A044-4CE8-98ED-734477C4D22C}.Release|x86.Build.0 = Release|Win32
		{C4B5485C-2E5F-4A9D-8969-C8E76DDCC66B}.Debug|x64.ActiveCfg = Debug|x64
		{C4B5485C-2E5F-4A9D-8969-C8E76DDCC66B}.Debug|x64.Build.0 = Debug|x64
		{C4B5485C-2E5F-4A9D-8969-C8E76DDCC66B}.Debug|x86.ActiveCfg = Debug|Win32
		{C4B5485C-2E5F-4A9D-8969-C8E76DDCC66B}.Debug|x86.Build.0 = Debug|Win32
		{C4B5485C-2E5F-4A9D-8969-C8E76DDCC66B}.Release|x64.ActiveCfg = Release|x64
		{C4B5485C-2E5F-4A9D-8969-C8E76DDCC66B}.Release|x64.Build.0 = Release|x64
		{C4B5485C-2E5F-4A9D-8969-C8E76DDCC66B}.Release|x86.ActiveCfg = Release|Win32
		{C4B5485C-2E5F-4A9D-8969-C8E76DDCC66B}.Release|x86.Build.0 = Release|Win32
		{02619729-9043-45F6-B74F-DEFED7990858}.Debug|x64.ActiveCfg = Debug|x64
		{02619729-9043-45F6-B74F-DEFED7990858}.Debug|x64.Build.0 = Debug|x64
		{02619729-9043-45F6-B74F-DEFED7990858}.Debug|x86.ActiveCfg = Debug|Win32
		{02619729-9043-45F6-B74F-DEFED7990858}.Debug|x86.Build.0 = Debug|Win32
		{02619729-9043-45F6-B74F-DEFED7990858}.Release|x64.ActiveCfg = Release|x64
		{02619729-9043-45F6-B74F-DEFED7990858}.Release|x64.Build.0 = Release|x64
		{02619729-9043-45F6-B74F-DEFED7990858}.Release|x86.ActiveCfg = Release|Win32
		{02619729-9043-45F6-B74F-DEFED7990858}.Release|x86.Build.0 = Release|Win32
		{7FC04999-B7C3-4135-8C3F-C82DF72C535B}.Debug|x64.ActiveCfg = Debug|x64
		{7FC04999-B7C3-4135-8C3F-C82DF72C535B}.Debug|x64.Build.0 = Debug|x64
		{7FC04999-B7C3-4135-8C3F-C82DF72C535B}.Debug|x86.ActiveCfg = Debug|Win32
		{7FC04999-B7C3-4135-8C3F-C82DF72C535B}.Debug|x86.Build.0 = Debug|Win32
		{7FC04999-B7C3-4135-8C3F-C82DF72C535B}.Release|x64.ActiveCfg = Release|x64
		{7FC04999-B7C3-4135-8C3F-C82DF72C535B}.Release|x64.Build.0 = Release|x64
		{7FC04999-B7C3-4135-8C3F-C82DF72C535B}.Release|x86.ActiveCfg = Release|Win32
		{7FC04999-B7C3-4135-8C3F-C82DF72C535B}.Release|x86.Build.0 = Release|Win32
		{E1F30179-02B0-4878-83B7-BF3C12F735DE}.Debug|x64.ActiveCfg = Debug|x64
		{E1F30179-02B0-4878-83B7-BF3C12F735DE}.Debug|x64.Build.0 = Debug|x64
		{E1F30179-02B0-4878-83B7-BF3C12F735DE}.Debug|x86.ActiveCfg = Debug|Win32
		{E1F30179-02B0-4878-83B7-BF3C12F735DE}.Debug|x86.Build.0 = Debug|Win32
		{E1F30179-02B0-4878-83B7-BF3C12F735DE}.Release|x64.ActiveCfg = Release|x64
		{E1F30179-02B0-4878-83B7-BF3C12F735DE}.Release|x64.Build.0 = Release|x64
		{E1F30179-02B0-4878-83B7-BF3C12F735DE}.Release|x86.ActiveCfg = Release|Win32
		{E1F30179-02B0-4878-83B7-BF3C12F735DE}.Release|x86.Build.0 = Release|Win32
	EndGlobalSection
	GlobalSection(SolutionProperties) = preSolution
		HideSolutionNode = FALSE
	EndGlobalSection
	GlobalSection(ExtensibilityGlobals) = postSolution
		SolutionGuid = {4CD2FA61-D2FD-4BD3-AE5F-8FC947EDC323}
	EndGlobalSection
EndGlobal
